
Microsoft Visual Studio Solution File, Format Version 12.00
# Visual Studio Version 16
VisualStudioVersion = 16.0.31321.278
MinimumVisualStudioVersion = 10.0.40219.1
Project("{FAE04EC0-301F-11D3-BF4B-00C04F79EFBC}") = "Dictionaries_Hamilton_Dakota", "Dictionaries_Hamilton_Dakota\Dictionaries_Hamilton_Dakota.csproj", "{F68BF378-B556-47DD-97E6-7AD147FDC9BD}"
EndProject
Global
	GlobalSection(SolutionConfigurationPlatforms) = preSolution
		Debug|Any CPU = Debug|Any CPU
		Release|Any CPU = Release|Any CPU
	EndGlobalSection
	GlobalSection(ProjectConfigurationPlatforms) = postSolution
		{F68BF378-B556-47DD-97E6-7AD147FDC9BD}.Debug|Any CPU.ActiveCfg = Debug|Any CPU
		{F68BF378-B556-47DD-97E6-7AD147FDC9BD}.Debug|Any CPU.Build.0 = Debug|Any CPU
		{F68BF378-B556-47DD-97E6-7AD147FDC9BD}.Release|Any CPU.ActiveCfg = Release|Any CPU
		{F68BF378-B556-47DD-97E6-7AD147FDC9BD}.Release|Any CPU.Build.0 = Release|Any CPU
	EndGlobalSection
	GlobalSection(SolutionProperties) = preSolution
		HideSolutionNode = FALSE
	EndGlobalSection
	GlobalSection(ExtensibilityGlobals) = postSolution
		SolutionGuid = {15221035-0D33-48F8-AF9A-1D49E4162571}
	EndGlobalSection
EndGlobal
